<?xml version="1.0" encoding="utf-8"?>
<Project ToolsVersion="17.0" xmlns="http://schemas.microsoft.com/developer/msbuild/2003">
  <ItemGroup>
    <ClCompile Include="C:\Users\makaron\source\repos\JakubMakarewicz\Metaheuristics\src\Crossoverer.cpp">
      <Filter>Source Files</Filter>
    </ClCompile>
    <ClCompile Include="C:\Users\makaron\source\repos\JakubMakarewicz\Metaheuristics\src\DataLoader.cpp">
      <Filter>Source Files</Filter>
    </ClCompile>
    <ClCompile Include="C:\Users\makaron\source\repos\JakubMakarewicz\Metaheuristics\src\DataStructure.cpp">
      <Filter>Source Files</Filter>
    </ClCompile>
    <ClCompile Include="C:\Users\makaron\source\repos\JakubMakarewicz\Metaheuristics\src\Evaluator.cpp">
      <Filter>Source Files</Filter>
    </ClCompile>
    <ClCompile Include="C:\Users\makaron\source\repos\JakubMakarewicz\Metaheuristics\src\Item.cpp">
      <Filter>Source Files</Filter>
    </ClCompile>
    <ClCompile Include="C:\Users\makaron\source\repos\JakubMakarewicz\Metaheuristics\src\Mutator.cpp">
      <Filter>Source Files</Filter>
    </ClCompile>
    <ClCompile Include="C:\Users\makaron\source\repos\JakubMakarewicz\Metaheuristics\src\Node.cpp">
      <Filter>Source Files</Filter>
    </ClCompile>
    <ClCompile Include="C:\Users\makaron\source\repos\JakubMakarewicz\Metaheuristics\src\Selector.cpp">
      <Filter>Source Files</Filter>
    </ClCompile>
    <ClCompile Include="C:\Users\makaron\source\repos\JakubMakarewicz\Metaheuristics\src\Specimen.cpp">
      <Filter>Source Files</Filter>
    </ClCompile>
    <ClCompile Include="C:\Users\makaron\source\repos\JakubMakarewicz\Metaheuristics\main.cpp">
      <Filter>Source Files</Filter>
    </ClCompile>
    <ClCompile Include="C:\Users\makaron\source\repos\JakubMakarewicz\Metaheuristics\src\SpecimenFactory.cpp">
      <Filter>Source Files</Filter>
    </ClCompile>
    <ClCompile Include="C:\Users\makaron\source\repos\JakubMakarewicz\Metaheuristics\src\Algorithm.cpp">
      <Filter>Source Files</Filter>
    </ClCompile>
  </ItemGroup>
  <ItemGroup>
    <ClInclude Include="C:\Users\makaron\source\repos\JakubMakarewicz\Metaheuristics\src\Crossoverer.h">
      <Filter>Header Files</Filter>
    </ClInclude>
    <ClInclude Include="C:\Users\makaron\source\repos\JakubMakarewicz\Metaheuristics\src\DataLoader.h">
      <Filter>Header Files</Filter>
    </ClInclude>
    <ClInclude Include="C:\Users\makaron\source\repos\JakubMakarewicz\Metaheuristics\src\DataStructure.h">
      <Filter>Header Files</Filter>
    </ClInclude>
    <ClInclude Include="C:\Users\makaron\source\repos\JakubMakarewicz\Metaheuristics\src\Evaluator.h">
      <Filter>Header Files</Filter>
    </ClInclude>
    <ClInclude Include="C:\Users\makaron\source\repos\JakubMakarewicz\Metaheuristics\src\Item.h">
      <Filter>Header Files</Filter>
    </ClInclude>
    <ClInclude Include="C:\Users\makaron\source\repos\JakubMakarewicz\Metaheuristics\src\Mutator.h">
      <Filter>Header Files</Filter>
    </ClInclude>
    <ClInclude Include="C:\Users\makaron\source\repos\JakubMakarewicz\Metaheuristics\src\Node.h">
      <Filter>Header Files</Filter>
    </ClInclude>
    <ClInclude Include="C:\Users\makaron\source\repos\JakubMakarewicz\Metaheuristics\src\Selector.h">
      <Filter>Header Files</Filter>
    </ClInclude>
    <ClInclude Include="C:\Users\makaron\source\repos\JakubMakarewicz\Metaheuristics\src\Specimen.h">
      <Filter>Header Files</Filter>
    </ClInclude>
    <ClInclude Include="C:\Users\makaron\source\repos\JakubMakarewicz\Metaheuristics\src\SpecimenFactory.h">
      <Filter>Header Files</Filter>
    </ClInclude>
    <ClInclude Include="C:\Users\makaron\source\repos\JakubMakarewicz\Metaheuristics\src\Algorithm.h">
      <Filter>Header Files</Filter>
    </ClInclude>
    <ClInclude Include="C:\Users\makaron\source\repos\JakubMakarewicz\Metaheuristics\src\Config.h">
      <Filter>Header Files</Filter>
    </ClInclude>
  </ItemGroup>
  <ItemGroup>
    <CustomBuild Include="C:\Users\makaron\source\repos\JakubMakarewicz\Metaheuristics\CMakeLists.txt" />
  </ItemGroup>
  <ItemGroup>
    <Filter Include="Header Files">
      <UniqueIdentifier>{19369932-8A7B-3509-BF38-4B915AFBDECE}</UniqueIdentifier>
    </Filter>
    <Filter Include="Source Files">
      <UniqueIdentifier>{F13A1901-3316-322E-A4EB-8E6D2F80AECA}</UniqueIdentifier>
    </Filter>
  </ItemGroup>
</Project>