
Microsoft Visual Studio Solution File, Format Version 12.00
# Visual Studio Version 17
Project("{8BC9CEB8-8B4A-11D0-8D11-00A0C91BC942}") = "ALL_BUILD", "ALL_BUILD.vcxproj", "{5CB2D9EE-622D-39EF-91F6-64051CBD93D7}"
	ProjectSection(ProjectDependencies) = postProject
		{C782A9E0-CB41-33DB-953F-079E4FA94E91} = {C782A9E0-CB41-33DB-953F-079E4FA94E91}
		{A960C08D-6616-348D-B4AB-7D79B4D59D62} = {A960C08D-6616-348D-B4AB-7D79B4D59D62}
	EndProjectSection
EndProject
Project("{8BC9CEB8-8B4A-11D0-8D11-00A0C91BC942}") = "Metaheuristics", "Metaheuristics.vcxproj", "{C782A9E0-CB41-33DB-953F-079E4FA94E91}"
	ProjectSection(ProjectDependencies) = postProject
		{A960C08D-6616-348D-B4AB-7D79B4D59D62} = {A960C08D-6616-348D-B4AB-7D79B4D59D62}
	EndProjectSection
EndProject
Project("{8BC9CEB8-8B4A-11D0-8D11-00A0C91BC942}") = "ZERO_CHECK", "ZERO_CHECK.vcxproj", "{A960C08D-6616-348D-B4AB-7D79B4D59D62}"
	ProjectSection(ProjectDependencies) = postProject
	EndProjectSection
EndProject
Global
	GlobalSection(SolutionConfigurationPlatforms) = preSolution
		Debug|x64 = Debug|x64
		Release|x64 = Release|x64
		MinSizeRel|x64 = MinSizeRel|x64
		RelWithDebInfo|x64 = RelWithDebInfo|x64
	EndGlobalSection
	GlobalSection(ProjectConfigurationPlatforms) = postSolution
		{5CB2D9EE-622D-39EF-91F6-64051CBD93D7}.Debug|x64.ActiveCfg = Debug|x64
		{5CB2D9EE-622D-39EF-91F6-64051CBD93D7}.Release|x64.ActiveCfg = Release|x64
		{5CB2D9EE-622D-39EF-91F6-64051CBD93D7}.MinSizeRel|x64.ActiveCfg = MinSizeRel|x64
		{5CB2D9EE-622D-39EF-91F6-64051CBD93D7}.RelWithDebInfo|x64.ActiveCfg = RelWithDebInfo|x64
		{C782A9E0-CB41-33DB-953F-079E4FA94E91}.Debug|x64.ActiveCfg = Debug|x64
		{C782A9E0-CB41-33DB-953F-079E4FA94E91}.Debug|x64.Build.0 = Debug|x64
		{C782A9E0-CB41-33DB-953F-079E4FA94E91}.Release|x64.ActiveCfg = Release|x64
		{C782A9E0-CB41-33DB-953F-079E4FA94E91}.Release|x64.Build.0 = Release|x64
		{C782A9E0-CB41-33DB-953F-079E4FA94E91}.MinSizeRel|x64.ActiveCfg = MinSizeRel|x64
		{C782A9E0-CB41-33DB-953F-079E4FA94E91}.MinSizeRel|x64.Build.0 = MinSizeRel|x64
		{C782A9E0-CB41-33DB-953F-079E4FA94E91}.RelWithDebInfo|x64.ActiveCfg = RelWithDebInfo|x64
		{C782A9E0-CB41-33DB-953F-079E4FA94E91}.RelWithDebInfo|x64.Build.0 = RelWithDebInfo|x64
		{A960C08D-6616-348D-B4AB-7D79B4D59D62}.Debug|x64.ActiveCfg = Debug|x64
		{A960C08D-6616-348D-B4AB-7D79B4D59D62}.Debug|x64.Build.0 = Debug|x64
		{A960C08D-6616-348D-B4AB-7D79B4D59D62}.Release|x64.ActiveCfg = Release|x64
		{A960C08D-6616-348D-B4AB-7D79B4D59D62}.Release|x64.Build.0 = Release|x64
		{A960C08D-6616-348D-B4AB-7D79B4D59D62}.MinSizeRel|x64.ActiveCfg = MinSizeRel|x64
		{A960C08D-6616-348D-B4AB-7D79B4D59D62}.MinSizeRel|x64.Build.0 = MinSizeRel|x64
		{A960C08D-6616-348D-B4AB-7D79B4D59D62}.RelWithDebInfo|x64.ActiveCfg = RelWithDebInfo|x64
		{A960C08D-6616-348D-B4AB-7D79B4D59D62}.RelWithDebInfo|x64.Build.0 = RelWithDebInfo|x64
	EndGlobalSection
	GlobalSection(ExtensibilityGlobals) = postSolution
		SolutionGuid = {93BBC284-547C-3D05-A5B0-23EC519708AB}
	EndGlobalSection
	GlobalSection(ExtensibilityAddIns) = postSolution
	EndGlobalSection
EndGlobal
